# This file is automatically @generated by Cargo.
# It is not intended for manual editing.
version = 3

[[package]]
name = "playground_rust"
version = "0.1.0"
dependencies = [
 "ran",
]

[[package]]
name = "ran"
version = "0.3.3"
source = "registry+https://github.com/rust-lang/crates.io-index"
checksum = "df84ecb44e00885708e8bd10f50e62bf319c5dc8ab57f776302762e931b9f0cc"
